// !$*UTF8*$!
{
	archiveVersion = 1;
	classes = {
	};
	objectVersion = 56;
	objects = {

/* Begin PBXBuildFile section */
		929E60F42B2C79FE00FD038A /* TabBarController.swift in Sources */ = {isa = PBXBuildFile; fileRef = 929E60F32B2C79FE00FD038A /* TabBarController.swift */; };
		929E60FA2B2C876800FD038A /* ActiveOrderHomeTabCell.swift in Sources */ = {isa = PBXBuildFile; fileRef = 929E60F82B2C876800FD038A /* ActiveOrderHomeTabCell.swift */; };
		929E60FB2B2C876800FD038A /* ActiveOrderHomeTabCell.xib in Resources */ = {isa = PBXBuildFile; fileRef = 929E60F92B2C876800FD038A /* ActiveOrderHomeTabCell.xib */; };
		92A66D462B2C185500CB8EF5 /* AppDelegate.swift in Sources */ = {isa = PBXBuildFile; fileRef = 92A66D452B2C185500CB8EF5 /* AppDelegate.swift */; };
		92A66D482B2C185500CB8EF5 /* SceneDelegate.swift in Sources */ = {isa = PBXBuildFile; fileRef = 92A66D472B2C185500CB8EF5 /* SceneDelegate.swift */; };
		92A66D4D2B2C185500CB8EF5 /* Main.storyboard in Resources */ = {isa = PBXBuildFile; fileRef = 92A66D4B2B2C185500CB8EF5 /* Main.storyboard */; };
		92A66D502B2C185500CB8EF5 /* Alsaree3App.xcdatamodeld in Sources */ = {isa = PBXBuildFile; fileRef = 92A66D4E2B2C185500CB8EF5 /* Alsaree3App.xcdatamodeld */; };
		92A66D522B2C185700CB8EF5 /* Assets.xcassets in Resources */ = {isa = PBXBuildFile; fileRef = 92A66D512B2C185700CB8EF5 /* Assets.xcassets */; };
		92A66D552B2C185700CB8EF5 /* LaunchScreen.storyboard in Resources */ = {isa = PBXBuildFile; fileRef = 92A66D532B2C185700CB8EF5 /* LaunchScreen.storyboard */; };
		92A66D602B2C185800CB8EF5 /* Alsaree3AppTests.swift in Sources */ = {isa = PBXBuildFile; fileRef = 92A66D5F2B2C185800CB8EF5 /* Alsaree3AppTests.swift */; };
		92A66D6A2B2C185800CB8EF5 /* Alsaree3AppUITests.swift in Sources */ = {isa = PBXBuildFile; fileRef = 92A66D692B2C185800CB8EF5 /* Alsaree3AppUITests.swift */; };
		92A66D6C2B2C185800CB8EF5 /* Alsaree3AppUITestsLaunchTests.swift in Sources */ = {isa = PBXBuildFile; fileRef = 92A66D6B2B2C185800CB8EF5 /* Alsaree3AppUITestsLaunchTests.swift */; };
		92A66D892B2C20D700CB8EF5 /* HomeTabViewController.swift in Sources */ = {isa = PBXBuildFile; fileRef = 92A66D882B2C20D700CB8EF5 /* HomeTabViewController.swift */; };
		92A66D962B2C2ECA00CB8EF5 /* Cairo-ExtraLight.ttf in Resources */ = {isa = PBXBuildFile; fileRef = 92A66D8E2B2C2EC900CB8EF5 /* Cairo-ExtraLight.ttf */; };
		92A66D972B2C2ECA00CB8EF5 /* Cairo-Light.ttf in Resources */ = {isa = PBXBuildFile; fileRef = 92A66D8F2B2C2EC900CB8EF5 /* Cairo-Light.ttf */; };
		92A66D982B2C2ECA00CB8EF5 /* Cairo-ExtraBold.ttf in Resources */ = {isa = PBXBuildFile; fileRef = 92A66D902B2C2EC900CB8EF5 /* Cairo-ExtraBold.ttf */; };
		92A66D992B2C2ECA00CB8EF5 /* Cairo-SemiBold.ttf in Resources */ = {isa = PBXBuildFile; fileRef = 92A66D912B2C2EC900CB8EF5 /* Cairo-SemiBold.ttf */; };
		92A66D9A2B2C2ECA00CB8EF5 /* Cairo-Black.ttf in Resources */ = {isa = PBXBuildFile; fileRef = 92A66D922B2C2EC900CB8EF5 /* Cairo-Black.ttf */; };
		92A66D9B2B2C2ECA00CB8EF5 /* Cairo-Bold.ttf in Resources */ = {isa = PBXBuildFile; fileRef = 92A66D932B2C2ECA00CB8EF5 /* Cairo-Bold.ttf */; };
		92A66D9C2B2C2ECA00CB8EF5 /* Cairo-Medium.ttf in Resources */ = {isa = PBXBuildFile; fileRef = 92A66D942B2C2ECA00CB8EF5 /* Cairo-Medium.ttf */; };
		92A66D9D2B2C2ECA00CB8EF5 /* Cairo-Regular.ttf in Resources */ = {isa = PBXBuildFile; fileRef = 92A66D952B2C2ECA00CB8EF5 /* Cairo-Regular.ttf */; };
		92A66DA12B2C2FE100CB8EF5 /* Constant.swift in Sources */ = {isa = PBXBuildFile; fileRef = 92A66DA02B2C2FE100CB8EF5 /* Constant.swift */; };
		92A66DA32B2C30A500CB8EF5 /* UIView+Extention.swift in Sources */ = {isa = PBXBuildFile; fileRef = 92A66DA22B2C30A500CB8EF5 /* UIView+Extention.swift */; };
/* End PBXBuildFile section */

/* Begin PBXContainerItemProxy section */
		92A66D5C2B2C185800CB8EF5 /* PBXContainerItemProxy */ = {
			isa = PBXContainerItemProxy;
			containerPortal = 92A66D3A2B2C185500CB8EF5 /* Project object */;
			proxyType = 1;
			remoteGlobalIDString = 92A66D412B2C185500CB8EF5;
			remoteInfo = Alsaree3App;
		};
		92A66D662B2C185800CB8EF5 /* PBXContainerItemProxy */ = {
			isa = PBXContainerItemProxy;
			containerPortal = 92A66D3A2B2C185500CB8EF5 /* Project object */;
			proxyType = 1;
			remoteGlobalIDString = 92A66D412B2C185500CB8EF5;
			remoteInfo = Alsaree3App;
		};
/* End PBXContainerItemProxy section */

/* Begin PBXFileReference section */
		929E60F32B2C79FE00FD038A /* TabBarController.swift */ = {isa = PBXFileReference; lastKnownFileType = sourcecode.swift; path = TabBarController.swift; sourceTree = "<group>"; };
		929E60F82B2C876800FD038A /* ActiveOrderHomeTabCell.swift */ = {isa = PBXFileReference; lastKnownFileType = sourcecode.swift; path = ActiveOrderHomeTabCell.swift; sourceTree = "<group>"; };
		929E60F92B2C876800FD038A /* ActiveOrderHomeTabCell.xib */ = {isa = PBXFileReference; lastKnownFileType = file.xib; path = ActiveOrderHomeTabCell.xib; sourceTree = "<group>"; };
		92A66D422B2C185500CB8EF5 /* Alsaree3App.app */ = {isa = PBXFileReference; explicitFileType = wrapper.application; includeInIndex = 0; path = Alsaree3App.app; sourceTree = BUILT_PRODUCTS_DIR; };
		92A66D452B2C185500CB8EF5 /* AppDelegate.swift */ = {isa = PBXFileReference; lastKnownFileType = sourcecode.swift; path = AppDelegate.swift; sourceTree = "<group>"; };
		92A66D472B2C185500CB8EF5 /* SceneDelegate.swift */ = {isa = PBXFileReference; lastKnownFileType = sourcecode.swift; path = SceneDelegate.swift; sourceTree = "<group>"; };
		92A66D4C2B2C185500CB8EF5 /* Base */ = {isa = PBXFileReference; lastKnownFileType = file.storyboard; name = Base; path = Base.lproj/Main.storyboard; sourceTree = "<group>"; };
		92A66D4F2B2C185500CB8EF5 /* Alsaree3App.xcdatamodel */ = {isa = PBXFileReference; lastKnownFileType = wrapper.xcdatamodel; path = Alsaree3App.xcdatamodel; sourceTree = "<group>"; };
		92A66D512B2C185700CB8EF5 /* Assets.xcassets */ = {isa = PBXFileReference; lastKnownFileType = folder.assetcatalog; path = Assets.xcassets; sourceTree = "<group>"; };
		92A66D542B2C185700CB8EF5 /* Base */ = {isa = PBXFileReference; lastKnownFileType = file.storyboard; name = Base; path = Base.lproj/LaunchScreen.storyboard; sourceTree = "<group>"; };
		92A66D562B2C185700CB8EF5 /* Info.plist */ = {isa = PBXFileReference; lastKnownFileType = text.plist.xml; path = Info.plist; sourceTree = "<group>"; };
		92A66D5B2B2C185800CB8EF5 /* Alsaree3AppTests.xctest */ = {isa = PBXFileReference; explicitFileType = wrapper.cfbundle; includeInIndex = 0; path = Alsaree3AppTests.xctest; sourceTree = BUILT_PRODUCTS_DIR; };
		92A66D5F2B2C185800CB8EF5 /* Alsaree3AppTests.swift */ = {isa = PBXFileReference; lastKnownFileType = sourcecode.swift; path = Alsaree3AppTests.swift; sourceTree = "<group>"; };
		92A66D652B2C185800CB8EF5 /* Alsaree3AppUITests.xctest */ = {isa = PBXFileReference; explicitFileType = wrapper.cfbundle; includeInIndex = 0; path = Alsaree3AppUITests.xctest; sourceTree = BUILT_PRODUCTS_DIR; };
		92A66D692B2C185800CB8EF5 /* Alsaree3AppUITests.swift */ = {isa = PBXFileReference; lastKnownFileType = sourcecode.swift; path = Alsaree3AppUITests.swift; sourceTree = "<group>"; };
		92A66D6B2B2C185800CB8EF5 /* Alsaree3AppUITestsLaunchTests.swift */ = {isa = PBXFileReference; lastKnownFileType = sourcecode.swift; path = Alsaree3AppUITestsLaunchTests.swift; sourceTree = "<group>"; };
		92A66D882B2C20D700CB8EF5 /* HomeTabViewController.swift */ = {isa = PBXFileReference; lastKnownFileType = sourcecode.swift; path = HomeTabViewController.swift; sourceTree = "<group>"; };
		92A66D8E2B2C2EC900CB8EF5 /* Cairo-ExtraLight.ttf */ = {isa = PBXFileReference; lastKnownFileType = file; path = "Cairo-ExtraLight.ttf"; sourceTree = "<group>"; };
		92A66D8F2B2C2EC900CB8EF5 /* Cairo-Light.ttf */ = {isa = PBXFileReference; lastKnownFileType = file; path = "Cairo-Light.ttf"; sourceTree = "<group>"; };
		92A66D902B2C2EC900CB8EF5 /* Cairo-ExtraBold.ttf */ = {isa = PBXFileReference; lastKnownFileType = file; path = "Cairo-ExtraBold.ttf"; sourceTree = "<group>"; };
		92A66D912B2C2EC900CB8EF5 /* Cairo-SemiBold.ttf */ = {isa = PBXFileReference; lastKnownFileType = file; path = "Cairo-SemiBold.ttf"; sourceTree = "<group>"; };
		92A66D922B2C2EC900CB8EF5 /* Cairo-Black.ttf */ = {isa = PBXFileReference; lastKnownFileType = file; path = "Cairo-Black.ttf"; sourceTree = "<group>"; };
		92A66D932B2C2ECA00CB8EF5 /* Cairo-Bold.ttf */ = {isa = PBXFileReference; lastKnownFileType = file; path = "Cairo-Bold.ttf"; sourceTree = "<group>"; };
		92A66D942B2C2ECA00CB8EF5 /* Cairo-Medium.ttf */ = {isa = PBXFileReference; lastKnownFileType = file; path = "Cairo-Medium.ttf"; sourceTree = "<group>"; };
		92A66D952B2C2ECA00CB8EF5 /* Cairo-Regular.ttf */ = {isa = PBXFileReference; lastKnownFileType = file; path = "Cairo-Regular.ttf"; sourceTree = "<group>"; };
		92A66DA02B2C2FE100CB8EF5 /* Constant.swift */ = {isa = PBXFileReference; lastKnownFileType = sourcecode.swift; path = Constant.swift; sourceTree = "<group>"; };
		92A66DA22B2C30A500CB8EF5 /* UIView+Extention.swift */ = {isa = PBXFileReference; lastKnownFileType = sourcecode.swift; path = "UIView+Extention.swift"; sourceTree = "<group>"; };
/* End PBXFileReference section */

/* Begin PBXFrameworksBuildPhase section */
		92A66D3F2B2C185500CB8EF5 /* Frameworks */ = {
			isa = PBXFrameworksBuildPhase;
			buildActionMask = 2147483647;
			files = (
			);
			runOnlyForDeploymentPostprocessing = 0;
		};
		92A66D582B2C185800CB8EF5 /* Frameworks */ = {
			isa = PBXFrameworksBuildPhase;
			buildActionMask = 2147483647;
			files = (
			);
			runOnlyForDeploymentPostprocessing = 0;
		};
		92A66D622B2C185800CB8EF5 /* Frameworks */ = {
			isa = PBXFrameworksBuildPhase;
			buildActionMask = 2147483647;
			files = (
			);
			runOnlyForDeploymentPostprocessing = 0;
		};
/* End PBXFrameworksBuildPhase section */

/* Begin PBXGroup section */
		929E60F52B2C7F9200FD038A /* TabBarItems */ = {
			isa = PBXGroup;
			children = (
				92A66D872B2C209E00CB8EF5 /* Basket */,
				92A66D862B2C207A00CB8EF5 /* Profile */,
				92A66D832B2C205900CB8EF5 /* Search */,
				92A66D822B2C203900CB8EF5 /* Home */,
			);
			path = TabBarItems;
			sourceTree = "<group>";
		};
		929E60F62B2C7FA400FD038A /* TabBarController */ = {
			isa = PBXGroup;
			children = (
				929E60F32B2C79FE00FD038A /* TabBarController.swift */,
			);
			path = TabBarController;
			sourceTree = "<group>";
		};
		929E60F72B2C871D00FD038A /* Cells */ = {
			isa = PBXGroup;
			children = (
				929E60FD2B2C90A400FD038A /* BannerCell */,
				929E60FC2B2C908B00FD038A /* ActiveOrderCell */,
			);
			path = Cells;
			sourceTree = "<group>";
		};
		929E60FC2B2C908B00FD038A /* ActiveOrderCell */ = {
			isa = PBXGroup;
			children = (
				929E60F82B2C876800FD038A /* ActiveOrderHomeTabCell.swift */,
				929E60F92B2C876800FD038A /* ActiveOrderHomeTabCell.xib */,
			);
			path = ActiveOrderCell;
			sourceTree = "<group>";
		};
		929E60FD2B2C90A400FD038A /* BannerCell */ = {
			isa = PBXGroup;
			children = (
			);
			path = BannerCell;
			sourceTree = "<group>";
		};
		92A66D392B2C185500CB8EF5 = {
			isa = PBXGroup;
			children = (
				92A66D442B2C185500CB8EF5 /* Alsaree3App */,
				92A66D5E2B2C185800CB8EF5 /* Alsaree3AppTests */,
				92A66D682B2C185800CB8EF5 /* Alsaree3AppUITests */,
				92A66D432B2C185500CB8EF5 /* Products */,
			);
			sourceTree = "<group>";
		};
		92A66D432B2C185500CB8EF5 /* Products */ = {
			isa = PBXGroup;
			children = (
				92A66D422B2C185500CB8EF5 /* Alsaree3App.app */,
				92A66D5B2B2C185800CB8EF5 /* Alsaree3AppTests.xctest */,
				92A66D652B2C185800CB8EF5 /* Alsaree3AppUITests.xctest */,
			);
			name = Products;
			sourceTree = "<group>";
		};
		92A66D442B2C185500CB8EF5 /* Alsaree3App */ = {
			isa = PBXGroup;
			children = (
				92A66D782B2C189400CB8EF5 /* Application */,
				92A66D7B2B2C1A0400CB8EF5 /* LaunchScreen */,
				92A66D7C2B2C1A2700CB8EF5 /* MainStoryboard */,
				92A66D792B2C18A200CB8EF5 /* SupportingFiles */,
				92A66D7A2B2C18B700CB8EF5 /* Module */,
				92A66D7D2B2C1A4E00CB8EF5 /* Assets */,
				92A66D562B2C185700CB8EF5 /* Info.plist */,
				92A66D4E2B2C185500CB8EF5 /* Alsaree3App.xcdatamodeld */,
			);
			path = Alsaree3App;
			sourceTree = "<group>";
		};
		92A66D5E2B2C185800CB8EF5 /* Alsaree3AppTests */ = {
			isa = PBXGroup;
			children = (
				92A66D5F2B2C185800CB8EF5 /* Alsaree3AppTests.swift */,
			);
			path = Alsaree3AppTests;
			sourceTree = "<group>";
		};
		92A66D682B2C185800CB8EF5 /* Alsaree3AppUITests */ = {
			isa = PBXGroup;
			children = (
				92A66D692B2C185800CB8EF5 /* Alsaree3AppUITests.swift */,
				92A66D6B2B2C185800CB8EF5 /* Alsaree3AppUITestsLaunchTests.swift */,
			);
			path = Alsaree3AppUITests;
			sourceTree = "<group>";
		};
		92A66D782B2C189400CB8EF5 /* Application */ = {
			isa = PBXGroup;
			children = (
				92A66D452B2C185500CB8EF5 /* AppDelegate.swift */,
				92A66D472B2C185500CB8EF5 /* SceneDelegate.swift */,
			);
			path = Application;
			sourceTree = "<group>";
		};
		92A66D792B2C18A200CB8EF5 /* SupportingFiles */ = {
			isa = PBXGroup;
			children = (
				92A66D9F2B2C2FC600CB8EF5 /* Extention */,
				92A66D9E2B2C2FB600CB8EF5 /* Constants */,
				92A66D8D2B2C2E2500CB8EF5 /* Fonts */,
			);
			path = SupportingFiles;
			sourceTree = "<group>";
		};
		92A66D7A2B2C18B700CB8EF5 /* Module */ = {
			isa = PBXGroup;
			children = (
				92A66D852B2C207000CB8EF5 /* TabView */,
			);
			path = Module;
			sourceTree = "<group>";
		};
		92A66D7B2B2C1A0400CB8EF5 /* LaunchScreen */ = {
			isa = PBXGroup;
			children = (
				92A66D532B2C185700CB8EF5 /* LaunchScreen.storyboard */,
			);
			path = LaunchScreen;
			sourceTree = "<group>";
		};
		92A66D7C2B2C1A2700CB8EF5 /* MainStoryboard */ = {
			isa = PBXGroup;
			children = (
				92A66D4B2B2C185500CB8EF5 /* Main.storyboard */,
			);
			path = MainStoryboard;
			sourceTree = "<group>";
		};
		92A66D7D2B2C1A4E00CB8EF5 /* Assets */ = {
			isa = PBXGroup;
			children = (
				92A66D512B2C185700CB8EF5 /* Assets.xcassets */,
			);
			path = Assets;
			sourceTree = "<group>";
		};
		92A66D822B2C203900CB8EF5 /* Home */ = {
			isa = PBXGroup;
			children = (
				929E60F72B2C871D00FD038A /* Cells */,
				92A66D882B2C20D700CB8EF5 /* HomeTabViewController.swift */,
			);
			path = Home;
			sourceTree = "<group>";
		};
		92A66D832B2C205900CB8EF5 /* Search */ = {
			isa = PBXGroup;
			children = (
			);
			path = Search;
			sourceTree = "<group>";
		};
		92A66D852B2C207000CB8EF5 /* TabView */ = {
			isa = PBXGroup;
			children = (
				929E60F62B2C7FA400FD038A /* TabBarController */,
				929E60F52B2C7F9200FD038A /* TabBarItems */,
			);
			path = TabView;
			sourceTree = "<group>";
		};
		92A66D862B2C207A00CB8EF5 /* Profile */ = {
			isa = PBXGroup;
			children = (
			);
			path = Profile;
			sourceTree = "<group>";
		};
		92A66D872B2C209E00CB8EF5 /* Basket */ = {
			isa = PBXGroup;
			children = (
			);
			path = Basket;
			sourceTree = "<group>";
		};
		92A66D8D2B2C2E2500CB8EF5 /* Fonts */ = {
			isa = PBXGroup;
			children = (
				92A66D922B2C2EC900CB8EF5 /* Cairo-Black.ttf */,
				92A66D932B2C2ECA00CB8EF5 /* Cairo-Bold.ttf */,
				92A66D902B2C2EC900CB8EF5 /* Cairo-ExtraBold.ttf */,
				92A66D8E2B2C2EC900CB8EF5 /* Cairo-ExtraLight.ttf */,
				92A66D8F2B2C2EC900CB8EF5 /* Cairo-Light.ttf */,
				92A66D942B2C2ECA00CB8EF5 /* Cairo-Medium.ttf */,
				92A66D952B2C2ECA00CB8EF5 /* Cairo-Regular.ttf */,
				92A66D912B2C2EC900CB8EF5 /* Cairo-SemiBold.ttf */,
			);
			path = Fonts;
			sourceTree = "<group>";
		};
		92A66D9E2B2C2FB600CB8EF5 /* Constants */ = {
			isa = PBXGroup;
			children = (
				92A66DA02B2C2FE100CB8EF5 /* Constant.swift */,
			);
			path = Constants;
			sourceTree = "<group>";
		};
		92A66D9F2B2C2FC600CB8EF5 /* Extention */ = {
			isa = PBXGroup;
			children = (
				92A66DA22B2C30A500CB8EF5 /* UIView+Extention.swift */,
			);
			path = Extention;
			sourceTree = "<group>";
		};
/* End PBXGroup section */

/* Begin PBXNativeTarget section */
		92A66D412B2C185500CB8EF5 /* Alsaree3App */ = {
			isa = PBXNativeTarget;
			buildConfigurationList = 92A66D6F2B2C185800CB8EF5 /* Build configuration list for PBXNativeTarget "Alsaree3App" */;
			buildPhases = (
				92A66D3E2B2C185500CB8EF5 /* Sources */,
				92A66D3F2B2C185500CB8EF5 /* Frameworks */,
				92A66D402B2C185500CB8EF5 /* Resources */,
			);
			buildRules = (
			);
			dependencies = (
			);
			name = Alsaree3App;
			productName = Alsaree3App;
			productReference = 92A66D422B2C185500CB8EF5 /* Alsaree3App.app */;
			productType = "com.apple.product-type.application";
		};
		92A66D5A2B2C185800CB8EF5 /* Alsaree3AppTests */ = {
			isa = PBXNativeTarget;
			buildConfigurationList = 92A66D722B2C185800CB8EF5 /* Build configuration list for PBXNativeTarget "Alsaree3AppTests" */;
			buildPhases = (
				92A66D572B2C185800CB8EF5 /* Sources */,
				92A66D582B2C185800CB8EF5 /* Frameworks */,
				92A66D592B2C185800CB8EF5 /* Resources */,
			);
			buildRules = (
			);
			dependencies = (
				92A66D5D2B2C185800CB8EF5 /* PBXTargetDependency */,
			);
			name = Alsaree3AppTests;
			productName = Alsaree3AppTests;
			productReference = 92A66D5B2B2C185800CB8EF5 /* Alsaree3AppTests.xctest */;
			productType = "com.apple.product-type.bundle.unit-test";
		};
		92A66D642B2C185800CB8EF5 /* Alsaree3AppUITests */ = {
			isa = PBXNativeTarget;
			buildConfigurationList = 92A66D752B2C185800CB8EF5 /* Build configuration list for PBXNativeTarget "Alsaree3AppUITests" */;
			buildPhases = (
				92A66D612B2C185800CB8EF5 /* Sources */,
				92A66D622B2C185800CB8EF5 /* Frameworks */,
				92A66D632B2C185800CB8EF5 /* Resources */,
			);
			buildRules = (
			);
			dependencies = (
				92A66D672B2C185800CB8EF5 /* PBXTargetDependency */,
			);
			name = Alsaree3AppUITests;
			productName = Alsaree3AppUITests;
			productReference = 92A66D652B2C185800CB8EF5 /* Alsaree3AppUITests.xctest */;
			productType = "com.apple.product-type.bundle.ui-testing";
		};
/* End PBXNativeTarget section */

/* Begin PBXProject section */
		92A66D3A2B2C185500CB8EF5 /* Project object */ = {
			isa = PBXProject;
			attributes = {
				BuildIndependentTargetsInParallel = 1;
				LastSwiftUpdateCheck = 1410;
				LastUpgradeCheck = 1410;
				TargetAttributes = {
					92A66D412B2C185500CB8EF5 = {
						CreatedOnToolsVersion = 14.1;
					};
					92A66D5A2B2C185800CB8EF5 = {
						CreatedOnToolsVersion = 14.1;
						TestTargetID = 92A66D412B2C185500CB8EF5;
					};
					92A66D642B2C185800CB8EF5 = {
						CreatedOnToolsVersion = 14.1;
						TestTargetID = 92A66D412B2C185500CB8EF5;
					};
				};
			};
			buildConfigurationList = 92A66D3D2B2C185500CB8EF5 /* Build configuration list for PBXProject "Alsaree3App" */;
			compatibilityVersion = "Xcode 14.0";
			developmentRegion = en;
			hasScannedForEncodings = 0;
			knownRegions = (
				en,
				Base,
			);
			mainGroup = 92A66D392B2C185500CB8EF5;
			productRefGroup = 92A66D432B2C185500CB8EF5 /* Products */;
			projectDirPath = "";
			projectRoot = "";
			targets = (
				92A66D412B2C185500CB8EF5 /* Alsaree3App */,
				92A66D5A2B2C185800CB8EF5 /* Alsaree3AppTests */,
				92A66D642B2C185800CB8EF5 /* Alsaree3AppUITests */,
			);
		};
/* End PBXProject section */

/* Begin PBXResourcesBuildPhase section */
		92A66D402B2C185500CB8EF5 /* Resources */ = {
			isa = PBXResourcesBuildPhase;
			buildActionMask = 2147483647;
			files = (
				92A66D972B2C2ECA00CB8EF5 /* Cairo-Light.ttf in Resources */,
				92A66D552B2C185700CB8EF5 /* LaunchScreen.storyboard in Resources */,
				92A66D522B2C185700CB8EF5 /* Assets.xcassets in Resources */,
				929E60FB2B2C876800FD038A /* ActiveOrderHomeTabCell.xib in Resources */,
				92A66D9A2B2C2ECA00CB8EF5 /* Cairo-Black.ttf in Resources */,
				92A66D9C2B2C2ECA00CB8EF5 /* Cairo-Medium.ttf in Resources */,
				92A66D982B2C2ECA00CB8EF5 /* Cairo-ExtraBold.ttf in Resources */,
				92A66D9D2B2C2ECA00CB8EF5 /* Cairo-Regular.ttf in Resources */,
				92A66D4D2B2C185500CB8EF5 /* Main.storyboard in Resources */,
				92A66D962B2C2ECA00CB8EF5 /* Cairo-ExtraLight.ttf in Resources */,
				92A66D9B2B2C2ECA00CB8EF5 /* Cairo-Bold.ttf in Resources */,
				92A66D992B2C2ECA00CB8EF5 /* Cairo-SemiBold.ttf in Resources */,
			);
			runOnlyForDeploymentPostprocessing = 0;
		};
		92A66D592B2C185800CB8EF5 /* Resources */ = {
			isa = PBXResourcesBuildPhase;
			buildActionMask = 2147483647;
			files = (
			);
			runOnlyForDeploymentPostprocessing = 0;
		};
		92A66D632B2C185800CB8EF5 /* Resources */ = {
			isa = PBXResourcesBuildPhase;
			buildActionMask = 2147483647;
			files = (
			);
			runOnlyForDeploymentPostprocessing = 0;
		};
/* End PBXResourcesBuildPhase section */

/* Begin PBXSourcesBuildPhase section */
		92A66D3E2B2C185500CB8EF5 /* Sources */ = {
			isa = PBXSourcesBuildPhase;
			buildActionMask = 2147483647;
			files = (
				92A66D502B2C185500CB8EF5 /* Alsaree3App.xcdatamodeld in Sources */,
				92A66D462B2C185500CB8EF5 /* AppDelegate.swift in Sources */,
				92A66DA32B2C30A500CB8EF5 /* UIView+Extention.swift in Sources */,
				92A66D482B2C185500CB8EF5 /* SceneDelegate.swift in Sources */,
				929E60F42B2C79FE00FD038A /* TabBarController.swift in Sources */,
				92A66D892B2C20D700CB8EF5 /* HomeTabViewController.swift in Sources */,
				92A66DA12B2C2FE100CB8EF5 /* Constant.swift in Sources */,
				929E60FA2B2C876800FD038A /* ActiveOrderHomeTabCell.swift in Sources */,
			);
			runOnlyForDeploymentPostprocessing = 0;
		};
		92A66D572B2C185800CB8EF5 /* Sources */ = {
			isa = PBXSourcesBuildPhase;
			buildActionMask = 2147483647;
			files = (
				92A66D602B2C185800CB8EF5 /* Alsaree3AppTests.swift in Sources */,
			);
			runOnlyForDeploymentPostprocessing = 0;
		};
		92A66D612B2C185800CB8EF5 /* Sources */ = {
			isa = PBXSourcesBuildPhase;
			buildActionMask = 2147483647;
			files = (
				92A66D6C2B2C185800CB8EF5 /* Alsaree3AppUITestsLaunchTests.swift in Sources */,
				92A66D6A2B2C185800CB8EF5 /* Alsaree3AppUITests.swift in Sources */,
			);
			runOnlyForDeploymentPostprocessing = 0;
		};
/* End PBXSourcesBuildPhase section */

/* Begin PBXTargetDependency section */
		92A66D5D2B2C185800CB8EF5 /* PBXTargetDependency */ = {
			isa = PBXTargetDependency;
			target = 92A66D412B2C185500CB8EF5 /* Alsaree3App */;
			targetProxy = 92A66D5C2B2C185800CB8EF5 /* PBXContainerItemProxy */;
		};
		92A66D672B2C185800CB8EF5 /* PBXTargetDependency */ = {
			isa = PBXTargetDependency;
			target = 92A66D412B2C185500CB8EF5 /* Alsaree3App */;
			targetProxy = 92A66D662B2C185800CB8EF5 /* PBXContainerItemProxy */;
		};
/* End PBXTargetDependency section */

/* Begin PBXVariantGroup section */
		92A66D4B2B2C185500CB8EF5 /* Main.storyboard */ = {
			isa = PBXVariantGroup;
			children = (
				92A66D4C2B2C185500CB8EF5 /* Base */,
			);
			name = Main.storyboard;
			sourceTree = "<group>";
		};
		92A66D532B2C185700CB8EF5 /* LaunchScreen.storyboard */ = {
			isa = PBXVariantGroup;
			children = (
				92A66D542B2C185700CB8EF5 /* Base */,
			);
			name = LaunchScreen.storyboard;
			sourceTree = "<group>";
		};
/* End PBXVariantGroup section */

/* Begin XCBuildConfiguration section */
		92A66D6D2B2C185800CB8EF5 /* Debug */ = {
			isa = XCBuildConfiguration;
			buildSettings = {
				ALWAYS_SEARCH_USER_PATHS = NO;
				CLANG_ANALYZER_NONNULL = YES;
				CLANG_ANALYZER_NUMBER_OBJECT_CONVERSION = YES_AGGRESSIVE;
				CLANG_CXX_LANGUAGE_STANDARD = "gnu++20";
				CLANG_ENABLE_MODULES = YES;
				CLANG_ENABLE_OBJC_ARC = YES;
				CLANG_ENABLE_OBJC_WEAK = YES;
				CLANG_WARN_BLOCK_CAPTURE_AUTORELEASING = YES;
				CLANG_WARN_BOOL_CONVERSION = YES;
				CLANG_WARN_COMMA = YES;
				CLANG_WARN_CONSTANT_CONVERSION = YES;
				CLANG_WARN_DEPRECATED_OBJC_IMPLEMENTATIONS = YES;
				CLANG_WARN_DIRECT_OBJC_ISA_USAGE = YES_ERROR;
				CLANG_WARN_DOCUMENTATION_COMMENTS = YES;
				CLANG_WARN_EMPTY_BODY = YES;
				CLANG_WARN_ENUM_CONVERSION = YES;
				CLANG_WARN_INFINITE_RECURSION = YES;
				CLANG_WARN_INT_CONVERSION = YES;
				CLANG_WARN_NON_LITERAL_NULL_CONVERSION = YES;
				CLANG_WARN_OBJC_IMPLICIT_RETAIN_SELF = YES;
				CLANG_WARN_OBJC_LITERAL_CONVERSION = YES;
				CLANG_WARN_OBJC_ROOT_CLASS = YES_ERROR;
				CLANG_WARN_QUOTED_INCLUDE_IN_FRAMEWORK_HEADER = YES;
				CLANG_WARN_RANGE_LOOP_ANALYSIS = YES;
				CLANG_WARN_STRICT_PROTOTYPES = YES;
				CLANG_WARN_SUSPICIOUS_MOVE = YES;
				CLANG_WARN_UNGUARDED_AVAILABILITY = YES_AGGRESSIVE;
				CLANG_WARN_UNREACHABLE_CODE = YES;
				CLANG_WARN__DUPLICATE_METHOD_MATCH = YES;
				COPY_PHASE_STRIP = NO;
				DEBUG_INFORMATION_FORMAT = dwarf;
				ENABLE_STRICT_OBJC_MSGSEND = YES;
				ENABLE_TESTABILITY = YES;
				GCC_C_LANGUAGE_STANDARD = gnu11;
				GCC_DYNAMIC_NO_PIC = NO;
				GCC_NO_COMMON_BLOCKS = YES;
				GCC_OPTIMIZATION_LEVEL = 0;
				GCC_PREPROCESSOR_DEFINITIONS = (
					"DEBUG=1",
					"$(inherited)",
				);
				GCC_WARN_64_TO_32_BIT_CONVERSION = YES;
				GCC_WARN_ABOUT_RETURN_TYPE = YES_ERROR;
				GCC_WARN_UNDECLARED_SELECTOR = YES;
				GCC_WARN_UNINITIALIZED_AUTOS = YES_AGGRESSIVE;
				GCC_WARN_UNUSED_FUNCTION = YES;
				GCC_WARN_UNUSED_VARIABLE = YES;
				IPHONEOS_DEPLOYMENT_TARGET = 16.1;
				MTL_ENABLE_DEBUG_INFO = INCLUDE_SOURCE;
				MTL_FAST_MATH = YES;
				ONLY_ACTIVE_ARCH = YES;
				SDKROOT = iphoneos;
				SWIFT_ACTIVE_COMPILATION_CONDITIONS = DEBUG;
				SWIFT_OPTIMIZATION_LEVEL = "-Onone";
			};
			name = Debug;
		};
		92A66D6E2B2C185800CB8EF5 /* Release */ = {
			isa = XCBuildConfiguration;
			buildSettings = {
				ALWAYS_SEARCH_USER_PATHS = NO;
				CLANG_ANALYZER_NONNULL = YES;
				CLANG_ANALYZER_NUMBER_OBJECT_CONVERSION = YES_AGGRESSIVE;
				CLANG_CXX_LANGUAGE_STANDARD = "gnu++20";
				CLANG_ENABLE_MODULES = YES;
				CLANG_ENABLE_OBJC_ARC = YES;
				CLANG_ENABLE_OBJC_WEAK = YES;
				CLANG_WARN_BLOCK_CAPTURE_AUTORELEASING = YES;
				CLANG_WARN_BOOL_CONVERSION = YES;
				CLANG_WARN_COMMA = YES;
				CLANG_WARN_CONSTANT_CONVERSION = YES;
				CLANG_WARN_DEPRECATED_OBJC_IMPLEMENTATIONS = YES;
				CLANG_WARN_DIRECT_OBJC_ISA_USAGE = YES_ERROR;
				CLANG_WARN_DOCUMENTATION_COMMENTS = YES;
				CLANG_WARN_EMPTY_BODY = YES;
				CLANG_WARN_ENUM_CONVERSION = YES;
				CLANG_WARN_INFINITE_RECURSION = YES;
				CLANG_WARN_INT_CONVERSION = YES;
				CLANG_WARN_NON_LITERAL_NULL_CONVERSION = YES;
				CLANG_WARN_OBJC_IMPLICIT_RETAIN_SELF = YES;
				CLANG_WARN_OBJC_LITERAL_CONVERSION = YES;
				CLANG_WARN_OBJC_ROOT_CLASS = YES_ERROR;
				CLANG_WARN_QUOTED_INCLUDE_IN_FRAMEWORK_HEADER = YES;
				CLANG_WARN_RANGE_LOOP_ANALYSIS = YES;
				CLANG_WARN_STRICT_PROTOTYPES = YES;
				CLANG_WARN_SUSPICIOUS_MOVE = YES;
				CLANG_WARN_UNGUARDED_AVAILABILITY = YES_AGGRESSIVE;
				CLANG_WARN_UNREACHABLE_CODE = YES;
				CLANG_WARN__DUPLICATE_METHOD_MATCH = YES;
				COPY_PHASE_STRIP = NO;
				DEBUG_INFORMATION_FORMAT = "dwarf-with-dsym";
				ENABLE_NS_ASSERTIONS = NO;
				ENABLE_STRICT_OBJC_MSGSEND = YES;
				GCC_C_LANGUAGE_STANDARD = gnu11;
				GCC_NO_COMMON_BLOCKS = YES;
				GCC_WARN_64_TO_32_BIT_CONVERSION = YES;
				GCC_WARN_ABOUT_RETURN_TYPE = YES_ERROR;
				GCC_WARN_UNDECLARED_SELECTOR = YES;
				GCC_WARN_UNINITIALIZED_AUTOS = YES_AGGRESSIVE;
				GCC_WARN_UNUSED_FUNCTION = YES;
				GCC_WARN_UNUSED_VARIABLE = YES;
				IPHONEOS_DEPLOYMENT_TARGET = 16.1;
				MTL_ENABLE_DEBUG_INFO = NO;
				MTL_FAST_MATH = YES;
				SDKROOT = iphoneos;
				SWIFT_COMPILATION_MODE = wholemodule;
				SWIFT_OPTIMIZATION_LEVEL = "-O";
				VALIDATE_PRODUCT = YES;
			};
			name = Release;
		};
		92A66D702B2C185800CB8EF5 /* Debug */ = {
			isa = XCBuildConfiguration;
			buildSettings = {
				ASSETCATALOG_COMPILER_APPICON_NAME = AppIcon;
				ASSETCATALOG_COMPILER_GLOBAL_ACCENT_COLOR_NAME = AccentColor;
				CODE_SIGN_STYLE = Automatic;
				CURRENT_PROJECT_VERSION = 1;
				GENERATE_INFOPLIST_FILE = YES;
				INFOPLIST_FILE = Alsaree3App/Info.plist;
				INFOPLIST_KEY_UIApplicationSupportsIndirectInputEvents = YES;
				INFOPLIST_KEY_UILaunchStoryboardName = LaunchScreen;
				INFOPLIST_KEY_UIMainStoryboardFile = Main;
				INFOPLIST_KEY_UISupportedInterfaceOrientations_iPad = "UIInterfaceOrientationPortrait UIInterfaceOrientationPortraitUpsideDown UIInterfaceOrientationLandscapeLeft UIInterfaceOrientationLandscapeRight";
				INFOPLIST_KEY_UISupportedInterfaceOrientations_iPhone = "UIInterfaceOrientationPortrait UIInterfaceOrientationLandscapeLeft UIInterfaceOrientationLandscapeRight";
				LD_RUNPATH_SEARCH_PATHS = (
					"$(inherited)",
					"@executable_path/Frameworks",
				);
				MARKETING_VERSION = 1.0;
				PRODUCT_BUNDLE_IDENTIFIER = abc.test.Alsaree3App;
				PRODUCT_NAME = "$(TARGET_NAME)";
				SWIFT_EMIT_LOC_STRINGS = YES;
				SWIFT_VERSION = 5.0;
				TARGETED_DEVICE_FAMILY = "1,2";
			};
			name = Debug;
		};
		92A66D712B2C185800CB8EF5 /* Release */ = {
			isa = XCBuildConfiguration;
			buildSettings = {
				ASSETCATALOG_COMPILER_APPICON_NAME = AppIcon;
				ASSETCATALOG_COMPILER_GLOBAL_ACCENT_COLOR_NAME = AccentColor;
				CODE_SIGN_STYLE = Automatic;
				CURRENT_PROJECT_VERSION = 1;
				GENERATE_INFOPLIST_FILE = YES;
				INFOPLIST_FILE = Alsaree3App/Info.plist;
				INFOPLIST_KEY_UIApplicationSupportsIndirectInputEvents = YES;
				INFOPLIST_KEY_UILaunchStoryboardName = LaunchScreen;
				INFOPLIST_KEY_UIMainStoryboardFile = Main;
				INFOPLIST_KEY_UISupportedInterfaceOrientations_iPad = "UIInterfaceOrientationPortrait UIInterfaceOrientationPortraitUpsideDown UIInterfaceOrientationLandscapeLeft UIInterfaceOrientationLandscapeRight";
				INFOPLIST_KEY_UISupportedInterfaceOrientations_iPhone = "UIInterfaceOrientationPortrait UIInterfaceOrientationLandscapeLeft UIInterfaceOrientationLandscapeRight";
				LD_RUNPATH_SEARCH_PATHS = (
					"$(inherited)",
					"@executable_path/Frameworks",
				);
				MARKETING_VERSION = 1.0;
				PRODUCT_BUNDLE_IDENTIFIER = abc.test.Alsaree3App;
				PRODUCT_NAME = "$(TARGET_NAME)";
				SWIFT_EMIT_LOC_STRINGS = YES;
				SWIFT_VERSION = 5.0;
				TARGETED_DEVICE_FAMILY = "1,2";
			};
			name = Release;
		};
		92A66D732B2C185800CB8EF5 /* Debug */ = {
			isa = XCBuildConfiguration;
			buildSettings = {
				ALWAYS_EMBED_SWIFT_STANDARD_LIBRARIES = YES;
				BUNDLE_LOADER = "$(TEST_HOST)";
				CODE_SIGN_STYLE = Automatic;
				CURRENT_PROJECT_VERSION = 1;
				GENERATE_INFOPLIST_FILE = YES;
				IPHONEOS_DEPLOYMENT_TARGET = 16.1;
				MARKETING_VERSION = 1.0;
				PRODUCT_BUNDLE_IDENTIFIER = abc.test.Alsaree3AppTests;
				PRODUCT_NAME = "$(TARGET_NAME)";
				SWIFT_EMIT_LOC_STRINGS = NO;
				SWIFT_VERSION = 5.0;
				TARGETED_DEVICE_FAMILY = "1,2";
				TEST_HOST = "$(BUILT_PRODUCTS_DIR)/Alsaree3App.app/$(BUNDLE_EXECUTABLE_FOLDER_PATH)/Alsaree3App";
			};
			name = Debug;
		};
		92A66D742B2C185800CB8EF5 /* Release */ = {
			isa = XCBuildConfiguration;
			buildSettings = {
				ALWAYS_EMBED_SWIFT_STANDARD_LIBRARIES = YES;
				BUNDLE_LOADER = "$(TEST_HOST)";
				CODE_SIGN_STYLE = Automatic;
				CURRENT_PROJECT_VERSION = 1;
				GENERATE_INFOPLIST_FILE = YES;
				IPHONEOS_DEPLOYMENT_TARGET = 16.1;
				MARKETING_VERSION = 1.0;
				PRODUCT_BUNDLE_IDENTIFIER = abc.test.Alsaree3AppTests;
				PRODUCT_NAME = "$(TARGET_NAME)";
				SWIFT_EMIT_LOC_STRINGS = NO;
				SWIFT_VERSION = 5.0;
				TARGETED_DEVICE_FAMILY = "1,2";
				TEST_HOST = "$(BUILT_PRODUCTS_DIR)/Alsaree3App.app/$(BUNDLE_EXECUTABLE_FOLDER_PATH)/Alsaree3App";
			};
			name = Release;
		};
		92A66D762B2C185800CB8EF5 /* Debug */ = {
			isa = XCBuildConfiguration;
			buildSettings = {
				ALWAYS_EMBED_SWIFT_STANDARD_LIBRARIES = YES;
				CODE_SIGN_STYLE = Automatic;
				CURRENT_PROJECT_VERSION = 1;
				GENERATE_INFOPLIST_FILE = YES;
				MARKETING_VERSION = 1.0;
				PRODUCT_BUNDLE_IDENTIFIER = abc.test.Alsaree3AppUITests;
				PRODUCT_NAME = "$(TARGET_NAME)";
				SWIFT_EMIT_LOC_STRINGS = NO;
				SWIFT_VERSION = 5.0;
				TARGETED_DEVICE_FAMILY = "1,2";
				TEST_TARGET_NAME = Alsaree3App;
			};
			name = Debug;
		};
		92A66D772B2C185800CB8EF5 /* Release */ = {
			isa = XCBuildConfiguration;
			buildSettings = {
				ALWAYS_EMBED_SWIFT_STANDARD_LIBRARIES = YES;
				CODE_SIGN_STYLE = Automatic;
				CURRENT_PROJECT_VERSION = 1;
				GENERATE_INFOPLIST_FILE = YES;
				MARKETING_VERSION = 1.0;
				PRODUCT_BUNDLE_IDENTIFIER = abc.test.Alsaree3AppUITests;
				PRODUCT_NAME = "$(TARGET_NAME)";
				SWIFT_EMIT_LOC_STRINGS = NO;
				SWIFT_VERSION = 5.0;
				TARGETED_DEVICE_FAMILY = "1,2";
				TEST_TARGET_NAME = Alsaree3App;
			};
			name = Release;
		};
/* End XCBuildConfiguration section */

/* Begin XCConfigurationList section */
		92A66D3D2B2C185500CB8EF5 /* Build configuration list for PBXProject "Alsaree3App" */ = {
			isa = XCConfigurationList;
			buildConfigurations = (
				92A66D6D2B2C185800CB8EF5 /* Debug */,
				92A66D6E2B2C185800CB8EF5 /* Release */,
			);
			defaultConfigurationIsVisible = 0;
			defaultConfigurationName = Release;
		};
		92A66D6F2B2C185800CB8EF5 /* Build configuration list for PBXNativeTarget "Alsaree3App" */ = {
			isa = XCConfigurationList;
			buildConfigurations = (
				92A66D702B2C185800CB8EF5 /* Debug */,
				92A66D712B2C185800CB8EF5 /* Release */,
			);
			defaultConfigurationIsVisible = 0;
			defaultConfigurationName = Release;
		};
		92A66D722B2C185800CB8EF5 /* Build configuration list for PBXNativeTarget "Alsaree3AppTests" */ = {
			isa = XCConfigurationList;
			buildConfigurations = (
				92A66D732B2C185800CB8EF5 /* Debug */,
				92A66D742B2C185800CB8EF5 /* Release */,
			);
			defaultConfigurationIsVisible = 0;
			defaultConfigurationName = Release;
		};
		92A66D752B2C185800CB8EF5 /* Build configuration list for PBXNativeTarget "Alsaree3AppUITests" */ = {
			isa = XCConfigurationList;
			buildConfigurations = (
				92A66D762B2C185800CB8EF5 /* Debug */,
				92A66D772B2C185800CB8EF5 /* Release */,
			);
			defaultConfigurationIsVisible = 0;
			defaultConfigurationName = Release;
		};
/* End XCConfigurationList section */

/* Begin XCVersionGroup section */
		92A66D4E2B2C185500CB8EF5 /* Alsaree3App.xcdatamodeld */ = {
			isa = XCVersionGroup;
			children = (
				92A66D4F2B2C185500CB8EF5 /* Alsaree3App.xcdatamodel */,
			);
			currentVersion = 92A66D4F2B2C185500CB8EF5 /* Alsaree3App.xcdatamodel */;
			path = Alsaree3App.xcdatamodeld;
			sourceTree = "<group>";
			versionGroupType = wrapper.xcdatamodel;
		};
/* End XCVersionGroup section */
	};
	rootObject = 92A66D3A2B2C185500CB8EF5 /* Project object */;
}
